// !$*UTF8*$!
{
	archiveVersion = 1;
	classes = {
	};
	objectVersion = 46;
	objects = {

/* Begin PBXBuildFile section */
		0C8DA9541D7B04AF00632DBD /* RealTimeARViewController.swift in Sources */ = {isa = PBXBuildFile; fileRef = 0C8DA9531D7B04AF00632DBD /* RealTimeARViewController.swift */; };
		0CD76DF61D7AD291004E37B5 /* RealTimeVideoFilterViewController.swift in Sources */ = {isa = PBXBuildFile; fileRef = 0CD76DF51D7AD291004E37B5 /* RealTimeVideoFilterViewController.swift */; };
		0CD76DFA1D7AD2F5004E37B5 /* AVFoundation.framework in Frameworks */ = {isa = PBXBuildFile; fileRef = 0CD76DF91D7AD2F5004E37B5 /* AVFoundation.framework */; };
		0CD76DFC1D7AD2FB004E37B5 /* CoreImage.framework in Frameworks */ = {isa = PBXBuildFile; fileRef = 0CD76DFB1D7AD2FB004E37B5 /* CoreImage.framework */; };
		0CD76E011D7AD30A004E37B5 /* OpenGLES.framework in Frameworks */ = {isa = PBXBuildFile; fileRef = 0CD76DF71D7AD2EE004E37B5 /* OpenGLES.framework */; };
		0CF403541D7B19B600756F46 /* Settings.bundle in Resources */ = {isa = PBXBuildFile; fileRef = 0CF403531D7B19B600756F46 /* Settings.bundle */; };
		0CF403561D7B1C2D00756F46 /* SettingsManager.swift in Sources */ = {isa = PBXBuildFile; fileRef = 0CF403551D7B1C2D00756F46 /* SettingsManager.swift */; };
		0CF403581D7B281F00756F46 /* ColorBlindness.swift in Sources */ = {isa = PBXBuildFile; fileRef = 0CF403571D7B281F00756F46 /* ColorBlindness.swift */; };
		62524CBE1D7B0DBC002AE95D /* Matrix.swift in Sources */ = {isa = PBXBuildFile; fileRef = 62524CBD1D7B0DBC002AE95D /* Matrix.swift */; };
		62524CC01D7B0DE8002AE95D /* Matrix.swift in Sources */ = {isa = PBXBuildFile; fileRef = 62524CBF1D7B0DE8002AE95D /* Matrix.swift */; };
		6254E8681D7AD65B00587B36 /* PhotosUI.framework in Frameworks */ = {isa = PBXBuildFile; fileRef = 6254E8351D7ACCD500587B36 /* PhotosUI.framework */; };
		6254E8691D7AD65B00587B36 /* Photos.framework in Frameworks */ = {isa = PBXBuildFile; fileRef = 6254E8371D7ACCD500587B36 /* Photos.framework */; };
		6254E86C1D7AD65B00587B36 /* PhotoEditingViewController.swift in Sources */ = {isa = PBXBuildFile; fileRef = 6254E86B1D7AD65B00587B36 /* PhotoEditingViewController.swift */; };
		6254E86F1D7AD65B00587B36 /* MainInterface.storyboard in Resources */ = {isa = PBXBuildFile; fileRef = 6254E86D1D7AD65B00587B36 /* MainInterface.storyboard */; };
		6254E8731D7AD65B00587B36 /* DaltonColorCorrectExtension.appex in Embed App Extensions */ = {isa = PBXBuildFile; fileRef = 6254E8671D7AD65B00587B36 /* DaltonColorCorrectExtension.appex */; settings = {ATTRIBUTES = (RemoveHeadersOnCopy, ); }; };
		625B0D0D1D7AC83D001ED4B7 /* AppDelegate.swift in Sources */ = {isa = PBXBuildFile; fileRef = 625B0D0C1D7AC83D001ED4B7 /* AppDelegate.swift */; };
		625B0D0F1D7AC83D001ED4B7 /* ViewController.swift in Sources */ = {isa = PBXBuildFile; fileRef = 625B0D0E1D7AC83D001ED4B7 /* ViewController.swift */; };
		625B0D121D7AC83D001ED4B7 /* Main.storyboard in Resources */ = {isa = PBXBuildFile; fileRef = 625B0D101D7AC83D001ED4B7 /* Main.storyboard */; };
		625B0D141D7AC83D001ED4B7 /* Assets.xcassets in Resources */ = {isa = PBXBuildFile; fileRef = 625B0D131D7AC83D001ED4B7 /* Assets.xcassets */; };
		625B0D171D7AC83D001ED4B7 /* LaunchScreen.storyboard in Resources */ = {isa = PBXBuildFile; fileRef = 625B0D151D7AC83D001ED4B7 /* LaunchScreen.storyboard */; };
		625C126E1D7B265A00782A6C /* ColorBlindness.swift in Sources */ = {isa = PBXBuildFile; fileRef = 625C126D1D7B265A00782A6C /* ColorBlindness.swift */; };
		C8C126FEC2879AFB06F8587A /* Pods_Dalton.framework in Frameworks */ = {isa = PBXBuildFile; fileRef = 412273843AD94B3631CE0AE0 /* Pods_Dalton.framework */; };
/* End PBXBuildFile section */

/* Begin PBXContainerItemProxy section */
		6254E8711D7AD65B00587B36 /* PBXContainerItemProxy */ = {
			isa = PBXContainerItemProxy;
			containerPortal = 625B0D011D7AC83D001ED4B7 /* Project object */;
			proxyType = 1;
			remoteGlobalIDString = 6254E8661D7AD65B00587B36;
			remoteInfo = DaltonColorCorrectExtension;
		};
/* End PBXContainerItemProxy section */

/* Begin PBXCopyFilesBuildPhase section */
		6254E8461D7ACCD500587B36 /* Embed App Extensions */ = {
			isa = PBXCopyFilesBuildPhase;
			buildActionMask = 2147483647;
			dstPath = "";
			dstSubfolderSpec = 13;
			files = (
				6254E8731D7AD65B00587B36 /* DaltonColorCorrectExtension.appex in Embed App Extensions */,
			);
			name = "Embed App Extensions";
			runOnlyForDeploymentPostprocessing = 0;
		};
/* End PBXCopyFilesBuildPhase section */

/* Begin PBXFileReference section */
		0C8DA9531D7B04AF00632DBD /* RealTimeARViewController.swift */ = {isa = PBXFileReference; fileEncoding = 4; lastKnownFileType = sourcecode.swift; path = RealTimeARViewController.swift; sourceTree = "<group>"; };
		0CD76DF51D7AD291004E37B5 /* RealTimeVideoFilterViewController.swift */ = {isa = PBXFileReference; fileEncoding = 4; lastKnownFileType = sourcecode.swift; path = RealTimeVideoFilterViewController.swift; sourceTree = "<group>"; };
		0CD76DF71D7AD2EE004E37B5 /* OpenGLES.framework */ = {isa = PBXFileReference; lastKnownFileType = wrapper.framework; name = OpenGLES.framework; path = System/Library/Frameworks/OpenGLES.framework; sourceTree = SDKROOT; };
		0CD76DF91D7AD2F5004E37B5 /* AVFoundation.framework */ = {isa = PBXFileReference; lastKnownFileType = wrapper.framework; name = AVFoundation.framework; path = System/Library/Frameworks/AVFoundation.framework; sourceTree = SDKROOT; };
		0CD76DFB1D7AD2FB004E37B5 /* CoreImage.framework */ = {isa = PBXFileReference; lastKnownFileType = wrapper.framework; name = CoreImage.framework; path = System/Library/Frameworks/CoreImage.framework; sourceTree = SDKROOT; };
		0CF403531D7B19B600756F46 /* Settings.bundle */ = {isa = PBXFileReference; lastKnownFileType = "wrapper.plug-in"; path = Settings.bundle; sourceTree = "<group>"; };
		0CF403551D7B1C2D00756F46 /* SettingsManager.swift */ = {isa = PBXFileReference; fileEncoding = 4; lastKnownFileType = sourcecode.swift; path = SettingsManager.swift; sourceTree = "<group>"; };
		0CF403571D7B281F00756F46 /* ColorBlindness.swift */ = {isa = PBXFileReference; fileEncoding = 4; lastKnownFileType = sourcecode.swift; path = ColorBlindness.swift; sourceTree = "<group>"; };
		412273843AD94B3631CE0AE0 /* Pods_Dalton.framework */ = {isa = PBXFileReference; explicitFileType = wrapper.framework; includeInIndex = 0; path = Pods_Dalton.framework; sourceTree = BUILT_PRODUCTS_DIR; };
		62524CBD1D7B0DBC002AE95D /* Matrix.swift */ = {isa = PBXFileReference; fileEncoding = 4; lastKnownFileType = sourcecode.swift; path = Matrix.swift; sourceTree = "<group>"; };
		62524CBF1D7B0DE8002AE95D /* Matrix.swift */ = {isa = PBXFileReference; fileEncoding = 4; lastKnownFileType = sourcecode.swift; path = Matrix.swift; sourceTree = "<group>"; };
		6254E8351D7ACCD500587B36 /* PhotosUI.framework */ = {isa = PBXFileReference; lastKnownFileType = wrapper.framework; name = PhotosUI.framework; path = System/Library/Frameworks/PhotosUI.framework; sourceTree = SDKROOT; };
		6254E8371D7ACCD500587B36 /* Photos.framework */ = {isa = PBXFileReference; lastKnownFileType = wrapper.framework; name = Photos.framework; path = System/Library/Frameworks/Photos.framework; sourceTree = SDKROOT; };
		6254E8671D7AD65B00587B36 /* DaltonColorCorrectExtension.appex */ = {isa = PBXFileReference; explicitFileType = "wrapper.app-extension"; includeInIndex = 0; path = DaltonColorCorrectExtension.appex; sourceTree = BUILT_PRODUCTS_DIR; };
		6254E86B1D7AD65B00587B36 /* PhotoEditingViewController.swift */ = {isa = PBXFileReference; lastKnownFileType = sourcecode.swift; path = PhotoEditingViewController.swift; sourceTree = "<group>"; };
		6254E86E1D7AD65B00587B36 /* Base */ = {isa = PBXFileReference; lastKnownFileType = file.storyboard; name = Base; path = Base.lproj/MainInterface.storyboard; sourceTree = "<group>"; };
		6254E8701D7AD65B00587B36 /* Info.plist */ = {isa = PBXFileReference; lastKnownFileType = text.plist.xml; path = Info.plist; sourceTree = "<group>"; };
		625B0D091D7AC83D001ED4B7 /* Dalton.app */ = {isa = PBXFileReference; explicitFileType = wrapper.application; includeInIndex = 0; path = Dalton.app; sourceTree = BUILT_PRODUCTS_DIR; };
		625B0D0C1D7AC83D001ED4B7 /* AppDelegate.swift */ = {isa = PBXFileReference; lastKnownFileType = sourcecode.swift; path = AppDelegate.swift; sourceTree = "<group>"; };
		625B0D0E1D7AC83D001ED4B7 /* ViewController.swift */ = {isa = PBXFileReference; lastKnownFileType = sourcecode.swift; path = ViewController.swift; sourceTree = "<group>"; };
		625B0D111D7AC83D001ED4B7 /* Base */ = {isa = PBXFileReference; lastKnownFileType = file.storyboard; name = Base; path = Base.lproj/Main.storyboard; sourceTree = "<group>"; };
		625B0D131D7AC83D001ED4B7 /* Assets.xcassets */ = {isa = PBXFileReference; lastKnownFileType = folder.assetcatalog; path = Assets.xcassets; sourceTree = "<group>"; };
		625B0D161D7AC83D001ED4B7 /* Base */ = {isa = PBXFileReference; lastKnownFileType = file.storyboard; name = Base; path = Base.lproj/LaunchScreen.storyboard; sourceTree = "<group>"; };
		625B0D181D7AC83D001ED4B7 /* Info.plist */ = {isa = PBXFileReference; lastKnownFileType = text.plist.xml; path = Info.plist; sourceTree = "<group>"; };
		625C126D1D7B265A00782A6C /* ColorBlindness.swift */ = {isa = PBXFileReference; fileEncoding = 4; lastKnownFileType = sourcecode.swift; path = ColorBlindness.swift; sourceTree = "<group>"; };
		74C232C07D2445783C68DCE4 /* Pods-Dalton.debug.xcconfig */ = {isa = PBXFileReference; includeInIndex = 1; lastKnownFileType = text.xcconfig; name = "Pods-Dalton.debug.xcconfig"; path = "Pods/Target Support Files/Pods-Dalton/Pods-Dalton.debug.xcconfig"; sourceTree = "<group>"; };
		B2E7CAF727E5A5555074AA54 /* Pods-Dalton.release.xcconfig */ = {isa = PBXFileReference; includeInIndex = 1; lastKnownFileType = text.xcconfig; name = "Pods-Dalton.release.xcconfig"; path = "Pods/Target Support Files/Pods-Dalton/Pods-Dalton.release.xcconfig"; sourceTree = "<group>"; };
/* End PBXFileReference section */

/* Begin PBXFrameworksBuildPhase section */
		6254E8641D7AD65B00587B36 /* Frameworks */ = {
			isa = PBXFrameworksBuildPhase;
			buildActionMask = 2147483647;
			files = (
				6254E8681D7AD65B00587B36 /* PhotosUI.framework in Frameworks */,
				6254E8691D7AD65B00587B36 /* Photos.framework in Frameworks */,
			);
			runOnlyForDeploymentPostprocessing = 0;
		};
		625B0D061D7AC83D001ED4B7 /* Frameworks */ = {
			isa = PBXFrameworksBuildPhase;
			buildActionMask = 2147483647;
			files = (
				0CD76E011D7AD30A004E37B5 /* OpenGLES.framework in Frameworks */,
				0CD76DFC1D7AD2FB004E37B5 /* CoreImage.framework in Frameworks */,
				0CD76DFA1D7AD2F5004E37B5 /* AVFoundation.framework in Frameworks */,
				C8C126FEC2879AFB06F8587A /* Pods_Dalton.framework in Frameworks */,
			);
			runOnlyForDeploymentPostprocessing = 0;
		};
/* End PBXFrameworksBuildPhase section */

/* Begin PBXGroup section */
		55C92C130572D7BBBB4D24AA /* Pods */ = {
			isa = PBXGroup;
			children = (
				74C232C07D2445783C68DCE4 /* Pods-Dalton.debug.xcconfig */,
				B2E7CAF727E5A5555074AA54 /* Pods-Dalton.release.xcconfig */,
			);
			name = Pods;
			sourceTree = "<group>";
		};
		6254E86A1D7AD65B00587B36 /* DaltonColorCorrectExtension */ = {
			isa = PBXGroup;
			children = (
				62524CBF1D7B0DE8002AE95D /* Matrix.swift */,
				6254E86B1D7AD65B00587B36 /* PhotoEditingViewController.swift */,
				6254E86D1D7AD65B00587B36 /* MainInterface.storyboard */,
				6254E8701D7AD65B00587B36 /* Info.plist */,
				625C126D1D7B265A00782A6C /* ColorBlindness.swift */,
			);
			path = DaltonColorCorrectExtension;
			sourceTree = "<group>";
		};
		625B0D001D7AC83D001ED4B7 = {
			isa = PBXGroup;
			children = (
				625B0D0B1D7AC83D001ED4B7 /* Dalton */,
				6254E86A1D7AD65B00587B36 /* DaltonColorCorrectExtension */,
				625B0D0A1D7AC83D001ED4B7 /* Products */,
				55C92C130572D7BBBB4D24AA /* Pods */,
				68386B5EE1033F1E03F12169 /* Frameworks */,
			);
			sourceTree = "<group>";
		};
		625B0D0A1D7AC83D001ED4B7 /* Products */ = {
			isa = PBXGroup;
			children = (
				625B0D091D7AC83D001ED4B7 /* Dalton.app */,
				6254E8671D7AD65B00587B36 /* DaltonColorCorrectExtension.appex */,
			);
			name = Products;
			sourceTree = "<group>";
		};
		625B0D0B1D7AC83D001ED4B7 /* Dalton */ = {
			isa = PBXGroup;
			children = (
				0CF403571D7B281F00756F46 /* ColorBlindness.swift */,
				62524CBD1D7B0DBC002AE95D /* Matrix.swift */,
				625B0D0C1D7AC83D001ED4B7 /* AppDelegate.swift */,
				625B0D0E1D7AC83D001ED4B7 /* ViewController.swift */,
				0CD76DF51D7AD291004E37B5 /* RealTimeVideoFilterViewController.swift */,
				0C8DA9531D7B04AF00632DBD /* RealTimeARViewController.swift */,
				0CF403551D7B1C2D00756F46 /* SettingsManager.swift */,
				625B0D101D7AC83D001ED4B7 /* Main.storyboard */,
				625B0D131D7AC83D001ED4B7 /* Assets.xcassets */,
				625B0D151D7AC83D001ED4B7 /* LaunchScreen.storyboard */,
				625B0D181D7AC83D001ED4B7 /* Info.plist */,
				0CF403531D7B19B600756F46 /* Settings.bundle */,
			);
			path = Dalton;
			sourceTree = "<group>";
		};
		68386B5EE1033F1E03F12169 /* Frameworks */ = {
			isa = PBXGroup;
			children = (
				0CD76DFB1D7AD2FB004E37B5 /* CoreImage.framework */,
				0CD76DF91D7AD2F5004E37B5 /* AVFoundation.framework */,
				0CD76DF71D7AD2EE004E37B5 /* OpenGLES.framework */,
				412273843AD94B3631CE0AE0 /* Pods_Dalton.framework */,
				6254E8351D7ACCD500587B36 /* PhotosUI.framework */,
				6254E8371D7ACCD500587B36 /* Photos.framework */,
			);
			name = Frameworks;
			sourceTree = "<group>";
		};
/* End PBXGroup section */

/* Begin PBXNativeTarget section */
		6254E8661D7AD65B00587B36 /* DaltonColorCorrectExtension */ = {
			isa = PBXNativeTarget;
			buildConfigurationList = 6254E8741D7AD65B00587B36 /* Build configuration list for PBXNativeTarget "DaltonColorCorrectExtension" */;
			buildPhases = (
				6254E8631D7AD65B00587B36 /* Sources */,
				6254E8641D7AD65B00587B36 /* Frameworks */,
				6254E8651D7AD65B00587B36 /* Resources */,
			);
			buildRules = (
			);
			dependencies = (
			);
			name = DaltonColorCorrectExtension;
			productName = DaltonColorCorrectExtension;
			productReference = 6254E8671D7AD65B00587B36 /* DaltonColorCorrectExtension.appex */;
			productType = "com.apple.product-type.app-extension";
		};
		625B0D081D7AC83D001ED4B7 /* Dalton */ = {
			isa = PBXNativeTarget;
			buildConfigurationList = 625B0D1B1D7AC83D001ED4B7 /* Build configuration list for PBXNativeTarget "Dalton" */;
			buildPhases = (
				EB3E42A377C569D1AA797989 /* [CP] Check Pods Manifest.lock */,
				625B0D051D7AC83D001ED4B7 /* Sources */,
				625B0D061D7AC83D001ED4B7 /* Frameworks */,
				625B0D071D7AC83D001ED4B7 /* Resources */,
				40313F540D5F726949BCB1D4 /* [CP] Embed Pods Frameworks */,
				2B9BC91AB73B4FCA15939F67 /* [CP] Copy Pods Resources */,
				6254E8461D7ACCD500587B36 /* Embed App Extensions */,
			);
			buildRules = (
			);
			dependencies = (
				6254E8721D7AD65B00587B36 /* PBXTargetDependency */,
			);
			name = Dalton;
			productName = Dalton;
			productReference = 625B0D091D7AC83D001ED4B7 /* Dalton.app */;
			productType = "com.apple.product-type.application";
		};
/* End PBXNativeTarget section */

/* Begin PBXProject section */
		625B0D011D7AC83D001ED4B7 /* Project object */ = {
			isa = PBXProject;
			attributes = {
				LastSwiftUpdateCheck = 0730;
				LastUpgradeCheck = 0730;
				ORGANIZATIONNAME = Echx;
				TargetAttributes = {
					6254E8661D7AD65B00587B36 = {
						CreatedOnToolsVersion = 7.3.1;
					};
					625B0D081D7AC83D001ED4B7 = {
						CreatedOnToolsVersion = 7.3.1;
					};
				};
			};
			buildConfigurationList = 625B0D041D7AC83D001ED4B7 /* Build configuration list for PBXProject "Dalton" */;
			compatibilityVersion = "Xcode 3.2";
			developmentRegion = English;
			hasScannedForEncodings = 0;
			knownRegions = (
				en,
				Base,
			);
			mainGroup = 625B0D001D7AC83D001ED4B7;
			productRefGroup = 625B0D0A1D7AC83D001ED4B7 /* Products */;
			projectDirPath = "";
			projectRoot = "";
			targets = (
				625B0D081D7AC83D001ED4B7 /* Dalton */,
				6254E8661D7AD65B00587B36 /* DaltonColorCorrectExtension */,
			);
		};
/* End PBXProject section */

/* Begin PBXResourcesBuildPhase section */
		6254E8651D7AD65B00587B36 /* Resources */ = {
			isa = PBXResourcesBuildPhase;
			buildActionMask = 2147483647;
			files = (
				6254E86F1D7AD65B00587B36 /* MainInterface.storyboard in Resources */,
			);
			runOnlyForDeploymentPostprocessing = 0;
		};
		625B0D071D7AC83D001ED4B7 /* Resources */ = {
			isa = PBXResourcesBuildPhase;
			buildActionMask = 2147483647;
			files = (
				0CF403541D7B19B600756F46 /* Settings.bundle in Resources */,
				625B0D171D7AC83D001ED4B7 /* LaunchScreen.storyboard in Resources */,
				625B0D141D7AC83D001ED4B7 /* Assets.xcassets in Resources */,
				625B0D121D7AC83D001ED4B7 /* Main.storyboard in Resources */,
			);
			runOnlyForDeploymentPostprocessing = 0;
		};
/* End PBXResourcesBuildPhase section */

/* Begin PBXShellScriptBuildPhase section */
		2B9BC91AB73B4FCA15939F67 /* [CP] Copy Pods Resources */ = {
			isa = PBXShellScriptBuildPhase;
			buildActionMask = 2147483647;
			files = (
			);
			inputPaths = (
			);
			name = "[CP] Copy Pods Resources";
			outputPaths = (
			);
			runOnlyForDeploymentPostprocessing = 0;
			shellPath = /bin/sh;
			shellScript = "\"${SRCROOT}/Pods/Target Support Files/Pods-Dalton/Pods-Dalton-resources.sh\"\n";
			showEnvVarsInLog = 0;
		};
		40313F540D5F726949BCB1D4 /* [CP] Embed Pods Frameworks */ = {
			isa = PBXShellScriptBuildPhase;
			buildActionMask = 2147483647;
			files = (
			);
			inputPaths = (
			);
			name = "[CP] Embed Pods Frameworks";
			outputPaths = (
			);
			runOnlyForDeploymentPostprocessing = 0;
			shellPath = /bin/sh;
			shellScript = "\"${SRCROOT}/Pods/Target Support Files/Pods-Dalton/Pods-Dalton-frameworks.sh\"\n";
			showEnvVarsInLog = 0;
		};
		EB3E42A377C569D1AA797989 /* [CP] Check Pods Manifest.lock */ = {
			isa = PBXShellScriptBuildPhase;
			buildActionMask = 2147483647;
			files = (
			);
			inputPaths = (
			);
			name = "[CP] Check Pods Manifest.lock";
			outputPaths = (
			);
			runOnlyForDeploymentPostprocessing = 0;
			shellPath = /bin/sh;
			shellScript = "diff \"${PODS_ROOT}/../Podfile.lock\" \"${PODS_ROOT}/Manifest.lock\" > /dev/null\nif [[ $? != 0 ]] ; then\n    cat << EOM\nerror: The sandbox is not in sync with the Podfile.lock. Run 'pod install' or update your CocoaPods installation.\nEOM\n    exit 1\nfi\n";
			showEnvVarsInLog = 0;
		};
/* End PBXShellScriptBuildPhase section */

/* Begin PBXSourcesBuildPhase section */
		6254E8631D7AD65B00587B36 /* Sources */ = {
			isa = PBXSourcesBuildPhase;
			buildActionMask = 2147483647;
			files = (
				625C126E1D7B265A00782A6C /* ColorBlindness.swift in Sources */,
				62524CC01D7B0DE8002AE95D /* Matrix.swift in Sources */,
				6254E86C1D7AD65B00587B36 /* PhotoEditingViewController.swift in Sources */,
			);
			runOnlyForDeploymentPostprocessing = 0;
		};
		625B0D051D7AC83D001ED4B7 /* Sources */ = {
			isa = PBXSourcesBuildPhase;
			buildActionMask = 2147483647;
			files = (
				0CD76DF61D7AD291004E37B5 /* RealTimeVideoFilterViewController.swift in Sources */,
				62524CBE1D7B0DBC002AE95D /* Matrix.swift in Sources */,
				0CF403561D7B1C2D00756F46 /* SettingsManager.swift in Sources */,
				625B0D0F1D7AC83D001ED4B7 /* ViewController.swift in Sources */,
				0CF403581D7B281F00756F46 /* ColorBlindness.swift in Sources */,
				625B0D0D1D7AC83D001ED4B7 /* AppDelegate.swift in Sources */,
				0C8DA9541D7B04AF00632DBD /* RealTimeARViewController.swift in Sources */,
			);
			runOnlyForDeploymentPostprocessing = 0;
		};
/* End PBXSourcesBuildPhase section */

/* Begin PBXTargetDependency section */
		6254E8721D7AD65B00587B36 /* PBXTargetDependency */ = {
			isa = PBXTargetDependency;
			target = 6254E8661D7AD65B00587B36 /* DaltonColorCorrectExtension */;
			targetProxy = 6254E8711D7AD65B00587B36 /* PBXContainerItemProxy */;
		};
/* End PBXTargetDependency section */

/* Begin PBXVariantGroup section */
		6254E86D1D7AD65B00587B36 /* MainInterface.storyboard */ = {
			isa = PBXVariantGroup;
			children = (
				6254E86E1D7AD65B00587B36 /* Base */,
			);
			name = MainInterface.storyboard;
			sourceTree = "<group>";
		};
		625B0D101D7AC83D001ED4B7 /* Main.storyboard */ = {
			isa = PBXVariantGroup;
			children = (
				625B0D111D7AC83D001ED4B7 /* Base */,
			);
			name = Main.storyboard;
			sourceTree = "<group>";
		};
		625B0D151D7AC83D001ED4B7 /* LaunchScreen.storyboard */ = {
			isa = PBXVariantGroup;
			children = (
				625B0D161D7AC83D001ED4B7 /* Base */,
			);
			name = LaunchScreen.storyboard;
			sourceTree = "<group>";
		};
/* End PBXVariantGroup section */

/* Begin XCBuildConfiguration section */
		6254E8751D7AD65B00587B36 /* Debug */ = {
			isa = XCBuildConfiguration;
			buildSettings = {
				INFOPLIST_FILE = DaltonColorCorrectExtension/Info.plist;
				LD_RUNPATH_SEARCH_PATHS = "$(inherited) @executable_path/Frameworks @executable_path/../../Frameworks";
				PRODUCT_BUNDLE_IDENTIFIER = com.echx.Dalton.DaltonColorCorrectExtension;
				PRODUCT_NAME = "$(TARGET_NAME)";
				SKIP_INSTALL = YES;
			};
			name = Debug;
		};
		6254E8761D7AD65B00587B36 /* Release */ = {
			isa = XCBuildConfiguration;
			buildSettings = {
				INFOPLIST_FILE = DaltonColorCorrectExtension/Info.plist;
				LD_RUNPATH_SEARCH_PATHS = "$(inherited) @executable_path/Frameworks @executable_path/../../Frameworks";
				PRODUCT_BUNDLE_IDENTIFIER = com.echx.Dalton.DaltonColorCorrectExtension;
				PRODUCT_NAME = "$(TARGET_NAME)";
				SKIP_INSTALL = YES;
			};
			name = Release;
		};
		625B0D191D7AC83D001ED4B7 /* Debug */ = {
			isa = XCBuildConfiguration;
			buildSettings = {
				ALWAYS_SEARCH_USER_PATHS = NO;
				CLANG_ANALYZER_NONNULL = YES;
				CLANG_CXX_LANGUAGE_STANDARD = "gnu++0x";
				CLANG_CXX_LIBRARY = "libc++";
				CLANG_ENABLE_MODULES = YES;
				CLANG_ENABLE_OBJC_ARC = YES;
				CLANG_WARN_BOOL_CONVERSION = YES;
				CLANG_WARN_CONSTANT_CONVERSION = YES;
				CLANG_WARN_DIRECT_OBJC_ISA_USAGE = YES_ERROR;
				CLANG_WARN_EMPTY_BODY = YES;
				CLANG_WARN_ENUM_CONVERSION = YES;
				CLANG_WARN_INT_CONVERSION = YES;
				CLANG_WARN_OBJC_ROOT_CLASS = YES_ERROR;
				CLANG_WARN_UNREACHABLE_CODE = YES;
				CLANG_WARN__DUPLICATE_METHOD_MATCH = YES;
				"CODE_SIGN_IDENTITY[sdk=iphoneos*]" = "iPhone Developer";
				COPY_PHASE_STRIP = NO;
				DEBUG_INFORMATION_FORMAT = dwarf;
				ENABLE_STRICT_OBJC_MSGSEND = YES;
				ENABLE_TESTABILITY = YES;
				GCC_C_LANGUAGE_STANDARD = gnu99;
				GCC_DYNAMIC_NO_PIC = NO;
				GCC_NO_COMMON_BLOCKS = YES;
				GCC_OPTIMIZATION_LEVEL = 0;
				GCC_PREPROCESSOR_DEFINITIONS = (
					"DEBUG=1",
					"$(inherited)",
				);
				GCC_WARN_64_TO_32_BIT_CONVERSION = YES;
				GCC_WARN_ABOUT_RETURN_TYPE = YES_ERROR;
				GCC_WARN_UNDECLARED_SELECTOR = YES;
				GCC_WARN_UNINITIALIZED_AUTOS = YES_AGGRESSIVE;
				GCC_WARN_UNUSED_FUNCTION = YES;
				GCC_WARN_UNUSED_VARIABLE = YES;
				IPHONEOS_DEPLOYMENT_TARGET = 9.3;
				MTL_ENABLE_DEBUG_INFO = YES;
				ONLY_ACTIVE_ARCH = YES;
				SDKROOT = iphoneos;
				SWIFT_OPTIMIZATION_LEVEL = "-Onone";
			};
			name = Debug;
		};
		625B0D1A1D7AC83D001ED4B7 /* Release */ = {
			isa = XCBuildConfiguration;
			buildSettings = {
				ALWAYS_SEARCH_USER_PATHS = NO;
				CLANG_ANALYZER_NONNULL = YES;
				CLANG_CXX_LANGUAGE_STANDARD = "gnu++0x";
				CLANG_CXX_LIBRARY = "libc++";
				CLANG_ENABLE_MODULES = YES;
				CLANG_ENABLE_OBJC_ARC = YES;
				CLANG_WARN_BOOL_CONVERSION = YES;
				CLANG_WARN_CONSTANT_CONVERSION = YES;
				CLANG_WARN_DIRECT_OBJC_ISA_USAGE = YES_ERROR;
				CLANG_WARN_EMPTY_BODY = YES;
				CLANG_WARN_ENUM_CONVERSION = YES;
				CLANG_WARN_INT_CONVERSION = YES;
				CLANG_WARN_OBJC_ROOT_CLASS = YES_ERROR;
				CLANG_WARN_UNREACHABLE_CODE = YES;
				CLANG_WARN__DUPLICATE_METHOD_MATCH = YES;
				"CODE_SIGN_IDENTITY[sdk=iphoneos*]" = "iPhone Developer";
				COPY_PHASE_STRIP = NO;
				DEBUG_INFORMATION_FORMAT = "dwarf-with-dsym";
				ENABLE_NS_ASSERTIONS = NO;
				ENABLE_STRICT_OBJC_MSGSEND = YES;
				GCC_C_LANGUAGE_STANDARD = gnu99;
				GCC_NO_COMMON_BLOCKS = YES;
				GCC_WARN_64_TO_32_BIT_CONVERSION = YES;
				GCC_WARN_ABOUT_RETURN_TYPE = YES_ERROR;
				GCC_WARN_UNDECLARED_SELECTOR = YES;
				GCC_WARN_UNINITIALIZED_AUTOS = YES_AGGRESSIVE;
				GCC_WARN_UNUSED_FUNCTION = YES;
				GCC_WARN_UNUSED_VARIABLE = YES;
				IPHONEOS_DEPLOYMENT_TARGET = 9.3;
				MTL_ENABLE_DEBUG_INFO = NO;
				SDKROOT = iphoneos;
				VALIDATE_PRODUCT = YES;
			};
			name = Release;
		};
		625B0D1C1D7AC83D001ED4B7 /* Debug */ = {
			isa = XCBuildConfiguration;
			baseConfigurationReference = 74C232C07D2445783C68DCE4 /* Pods-Dalton.debug.xcconfig */;
			buildSettings = {
				ASSETCATALOG_COMPILER_APPICON_NAME = AppIcon;
				EMBEDDED_CONTENT_CONTAINS_SWIFT = YES;
				INFOPLIST_FILE = Dalton/Info.plist;
				LD_RUNPATH_SEARCH_PATHS = "$(inherited) @executable_path/Frameworks";
				PRODUCT_BUNDLE_IDENTIFIER = com.echx.Dalton;
				PRODUCT_NAME = "$(TARGET_NAME)";
			};
			name = Debug;
		};
		625B0D1D1D7AC83D001ED4B7 /* Release */ = {
			isa = XCBuildConfiguration;
			baseConfigurationReference = B2E7CAF727E5A5555074AA54 /* Pods-Dalton.release.xcconfig */;
			buildSettings = {
				ASSETCATALOG_COMPILER_APPICON_NAME = AppIcon;
				EMBEDDED_CONTENT_CONTAINS_SWIFT = YES;
				INFOPLIST_FILE = Dalton/Info.plist;
				LD_RUNPATH_SEARCH_PATHS = "$(inherited) @executable_path/Frameworks";
				PRODUCT_BUNDLE_IDENTIFIER = com.echx.Dalton;
				PRODUCT_NAME = "$(TARGET_NAME)";
			};
			name = Release;
		};
/* End XCBuildConfiguration section */

/* Begin XCConfigurationList section */
		6254E8741D7AD65B00587B36 /* Build configuration list for PBXNativeTarget "DaltonColorCorrectExtension" */ = {
			isa = XCConfigurationList;
			buildConfigurations = (
				6254E8751D7AD65B00587B36 /* Debug */,
				6254E8761D7AD65B00587B36 /* Release */,
			);
			defaultConfigurationIsVisible = 0;
			defaultConfigurationName = Release;
		};
		625B0D041D7AC83D001ED4B7 /* Build configuration list for PBXProject "Dalton" */ = {
			isa = XCConfigurationList;
			buildConfigurations = (
				625B0D191D7AC83D001ED4B7 /* Debug */,
				625B0D1A1D7AC83D001ED4B7 /* Release */,
			);
			defaultConfigurationIsVisible = 0;
			defaultConfigurationName = Release;
		};
		625B0D1B1D7AC83D001ED4B7 /* Build configuration list for PBXNativeTarget "Dalton" */ = {
			isa = XCConfigurationList;
			buildConfigurations = (
				625B0D1C1D7AC83D001ED4B7 /* Debug */,
				625B0D1D1D7AC83D001ED4B7 /* Release */,
			);
			defaultConfigurationIsVisible = 0;
			defaultConfigurationName = Release;
		};
/* End XCConfigurationList section */
	};
	rootObject = 625B0D011D7AC83D001ED4B7 /* Project object */;
}
